
Microsoft Visual Studio Solution File, Format Version 12.00
# Visual Studio 15
VisualStudioVersion = 15.0.26730.10
MinimumVisualStudioVersion = 10.0.40219.1
Project("{FAE04EC0-301F-11D3-BF4B-00C04F79EFBC}") = "XWordsUrkAdminConsole", "XWordsUrkAdminConsole\XWordsUrkAdminConsole.csproj", "{4FD15637-49BF-4BFE-A03D-E7A73290A21C}"
EndProject
Project("{FAE04EC0-301F-11D3-BF4B-00C04F79EFBC}") = "XWordsUrkAdminConsole.Tests", "XWordsUrkAdminConsole.Tests\XWordsUrkAdminConsole.Tests.csproj", "{B1FAE7C3-31D4-47E4-A9AB-7CF791799395}"
EndProject
Global
	GlobalSection(SolutionConfigurationPlatforms) = preSolution
		Debug|Any CPU = Debug|Any CPU
		Release|Any CPU = Release|Any CPU
	EndGlobalSection
	GlobalSection(ProjectConfigurationPlatforms) = postSolution
		{4FD15637-49BF-4BFE-A03D-E7A73290A21C}.Debug|Any CPU.ActiveCfg = Debug|Any CPU
		{4FD15637-49BF-4BFE-A03D-E7A73290A21C}.Debug|Any CPU.Build.0 = Debug|Any CPU
		{4FD15637-49BF-4BFE-A03D-E7A73290A21C}.Release|Any CPU.ActiveCfg = Release|Any CPU
		{4FD15637-49BF-4BFE-A03D-E7A73290A21C}.Release|Any CPU.Build.0 = Release|Any CPU
		{B1FAE7C3-31D4-47E4-A9AB-7CF791799395}.Debug|Any CPU.ActiveCfg = Debug|Any CPU
		{B1FAE7C3-31D4-47E4-A9AB-7CF791799395}.Debug|Any CPU.Build.0 = Debug|Any CPU
		{B1FAE7C3-31D4-47E4-A9AB-7CF791799395}.Release|Any CPU.ActiveCfg = Release|Any CPU
		{B1FAE7C3-31D4-47E4-A9AB-7CF791799395}.Release|Any CPU.Build.0 = Release|Any CPU
	EndGlobalSection
	GlobalSection(SolutionProperties) = preSolution
		HideSolutionNode = FALSE
	EndGlobalSection
	GlobalSection(ExtensibilityGlobals) = postSolution
		SolutionGuid = {300FC68D-DD56-4E35-9E64-245DC8837D5A}
	EndGlobalSection
EndGlobal
